
Microsoft Visual Studio Solution File, Format Version 12.00
# Visual Studio Version 16
VisualStudioVersion = 16.0.30907.101
MinimumVisualStudioVersion = 10.0.40219.1
Project("{FAE04EC0-301F-11D3-BF4B-00C04F79EFBC}") = "ServiceReservasi_119", "ServiceReservasi_119\ServiceReservasi_119.csproj", "{36A71FEF-4040-48FB-9498-CFE5ED00E8F8}"
EndProject
Global
	GlobalSection(SolutionConfigurationPlatforms) = preSolution
		Debug|Any CPU = Debug|Any CPU
		Release|Any CPU = Release|Any CPU
	EndGlobalSection
	GlobalSection(ProjectConfigurationPlatforms) = postSolution
		{36A71FEF-4040-48FB-9498-CFE5ED00E8F8}.Debug|Any CPU.ActiveCfg = Debug|Any CPU
		{36A71FEF-4040-48FB-9498-CFE5ED00E8F8}.Debug|Any CPU.Build.0 = Debug|Any CPU
		{36A71FEF-4040-48FB-9498-CFE5ED00E8F8}.Release|Any CPU.ActiveCfg = Release|Any CPU
		{36A71FEF-4040-48FB-9498-CFE5ED00E8F8}.Release|Any CPU.Build.0 = Release|Any CPU
	EndGlobalSection
	GlobalSection(SolutionProperties) = preSolution
		HideSolutionNode = FALSE
	EndGlobalSection
	GlobalSection(ExtensibilityGlobals) = postSolution
		SolutionGuid = {C53DD69A-21BD-4464-B09C-49F16D33D822}
	EndGlobalSection
EndGlobal
